// !$*UTF8*$!
{
	archiveVersion = 1;
	classes = {
	};
	objectVersion = 50;
	objects = {

/* Begin PBXBuildFile section */
		2183B2C4E11F8772C781F551 /* Pods_PomoTogetherValidator.framework in Frameworks */ = {isa = PBXBuildFile; fileRef = 951A575ACDCBFC9293B3494E /* Pods_PomoTogetherValidator.framework */; };
		26747E2920FD6427005AA150 /* AppDelegate.swift in Sources */ = {isa = PBXBuildFile; fileRef = 26747E2820FD6427005AA150 /* AppDelegate.swift */; };
		26747E2B20FD6427005AA150 /* ViewController.swift in Sources */ = {isa = PBXBuildFile; fileRef = 26747E2A20FD6427005AA150 /* ViewController.swift */; };
		26747E2E20FD6427005AA150 /* Main.storyboard in Resources */ = {isa = PBXBuildFile; fileRef = 26747E2C20FD6427005AA150 /* Main.storyboard */; };
		26747E3020FD6428005AA150 /* Assets.xcassets in Resources */ = {isa = PBXBuildFile; fileRef = 26747E2F20FD6428005AA150 /* Assets.xcassets */; };
		26747E3320FD6428005AA150 /* LaunchScreen.storyboard in Resources */ = {isa = PBXBuildFile; fileRef = 26747E3120FD6428005AA150 /* LaunchScreen.storyboard */; };
/* End PBXBuildFile section */

/* Begin PBXFileReference section */
		26747E2520FD6427005AA150 /* PomoTogetherValidator.app */ = {isa = PBXFileReference; explicitFileType = wrapper.application; includeInIndex = 0; path = PomoTogetherValidator.app; sourceTree = BUILT_PRODUCTS_DIR; };
		26747E2820FD6427005AA150 /* AppDelegate.swift */ = {isa = PBXFileReference; lastKnownFileType = sourcecode.swift; path = AppDelegate.swift; sourceTree = "<group>"; };
		26747E2A20FD6427005AA150 /* ViewController.swift */ = {isa = PBXFileReference; lastKnownFileType = sourcecode.swift; path = ViewController.swift; sourceTree = "<group>"; };
		26747E2D20FD6427005AA150 /* Base */ = {isa = PBXFileReference; lastKnownFileType = file.storyboard; name = Base; path = Base.lproj/Main.storyboard; sourceTree = "<group>"; };
		26747E2F20FD6428005AA150 /* Assets.xcassets */ = {isa = PBXFileReference; lastKnownFileType = folder.assetcatalog; path = Assets.xcassets; sourceTree = "<group>"; };
		26747E3220FD6428005AA150 /* Base */ = {isa = PBXFileReference; lastKnownFileType = file.storyboard; name = Base; path = Base.lproj/LaunchScreen.storyboard; sourceTree = "<group>"; };
		26747E3420FD6428005AA150 /* Info.plist */ = {isa = PBXFileReference; lastKnownFileType = text.plist.xml; path = Info.plist; sourceTree = "<group>"; };
		62F6CDBA87E4880424EA785A /* Pods-PomoTogetherValidator.release.xcconfig */ = {isa = PBXFileReference; includeInIndex = 1; lastKnownFileType = text.xcconfig; name = "Pods-PomoTogetherValidator.release.xcconfig"; path = "Pods/Target Support Files/Pods-PomoTogetherValidator/Pods-PomoTogetherValidator.release.xcconfig"; sourceTree = "<group>"; };
		951A575ACDCBFC9293B3494E /* Pods_PomoTogetherValidator.framework */ = {isa = PBXFileReference; explicitFileType = wrapper.framework; includeInIndex = 0; path = Pods_PomoTogetherValidator.framework; sourceTree = BUILT_PRODUCTS_DIR; };
		E73DC23C01BDC0C40DDBD339 /* Pods-PomoTogetherValidator.debug.xcconfig */ = {isa = PBXFileReference; includeInIndex = 1; lastKnownFileType = text.xcconfig; name = "Pods-PomoTogetherValidator.debug.xcconfig"; path = "Pods/Target Support Files/Pods-PomoTogetherValidator/Pods-PomoTogetherValidator.debug.xcconfig"; sourceTree = "<group>"; };
/* End PBXFileReference section */

/* Begin PBXFrameworksBuildPhase section */
		26747E2220FD6427005AA150 /* Frameworks */ = {
			isa = PBXFrameworksBuildPhase;
			buildActionMask = 2147483647;
			files = (
				2183B2C4E11F8772C781F551 /* Pods_PomoTogetherValidator.framework in Frameworks */,
			);
			runOnlyForDeploymentPostprocessing = 0;
		};
/* End PBXFrameworksBuildPhase section */

/* Begin PBXGroup section */
		26747E1C20FD6427005AA150 = {
			isa = PBXGroup;
			children = (
				26747E2720FD6427005AA150 /* PomoTogetherValidator */,
				26747E2620FD6427005AA150 /* Products */,
				508D92F3686051FF8C3A8F89 /* Pods */,
				C4518BF0A239E5AF31514306 /* Frameworks */,
			);
			sourceTree = "<group>";
		};
		26747E2620FD6427005AA150 /* Products */ = {
			isa = PBXGroup;
			children = (
				26747E2520FD6427005AA150 /* PomoTogetherValidator.app */,
			);
			name = Products;
			sourceTree = "<group>";
		};
		26747E2720FD6427005AA150 /* PomoTogetherValidator */ = {
			isa = PBXGroup;
			children = (
				26747E2820FD6427005AA150 /* AppDelegate.swift */,
				26747E2A20FD6427005AA150 /* ViewController.swift */,
				26747E2C20FD6427005AA150 /* Main.storyboard */,
				26747E2F20FD6428005AA150 /* Assets.xcassets */,
				26747E3120FD6428005AA150 /* LaunchScreen.storyboard */,
				26747E3420FD6428005AA150 /* Info.plist */,
			);
			path = PomoTogetherValidator;
			sourceTree = "<group>";
		};
		508D92F3686051FF8C3A8F89 /* Pods */ = {
			isa = PBXGroup;
			children = (
				E73DC23C01BDC0C40DDBD339 /* Pods-PomoTogetherValidator.debug.xcconfig */,
				62F6CDBA87E4880424EA785A /* Pods-PomoTogetherValidator.release.xcconfig */,
			);
			name = Pods;
			sourceTree = "<group>";
		};
		C4518BF0A239E5AF31514306 /* Frameworks */ = {
			isa = PBXGroup;
			children = (
				951A575ACDCBFC9293B3494E /* Pods_PomoTogetherValidator.framework */,
			);
			name = Frameworks;
			sourceTree = "<group>";
		};
/* End PBXGroup section */

/* Begin PBXNativeTarget section */
		26747E2420FD6427005AA150 /* PomoTogetherValidator */ = {
			isa = PBXNativeTarget;
			buildConfigurationList = 26747E3720FD6428005AA150 /* Build configuration list for PBXNativeTarget "PomoTogetherValidator" */;
			buildPhases = (
				647BE1AA0737C2840E7FE7DF /* [CP] Check Pods Manifest.lock */,
				26747E2120FD6427005AA150 /* Sources */,
				26747E2220FD6427005AA150 /* Frameworks */,
				26747E2320FD6427005AA150 /* Resources */,
				F1AF9F2BED3E461037E75D06 /* [CP] Embed Pods Frameworks */,
				C00ECA0BB330C7FDFA9F9A37 /* [CP] Copy Pods Resources */,
			);
			buildRules = (
			);
			dependencies = (
			);
			name = PomoTogetherValidator;
			productName = PomoTogetherValidator;
			productReference = 26747E2520FD6427005AA150 /* PomoTogetherValidator.app */;
			productType = "com.apple.product-type.application";
		};
/* End PBXNativeTarget section */

/* Begin PBXProject section */
		26747E1D20FD6427005AA150 /* Project object */ = {
			isa = PBXProject;
			attributes = {
				LastSwiftUpdateCheck = 0940;
				LastUpgradeCheck = 0940;
				ORGANIZATIONNAME = PhongLe;
				TargetAttributes = {
					26747E2420FD6427005AA150 = {
						CreatedOnToolsVersion = 9.4.1;
					};
				};
			};
			buildConfigurationList = 26747E2020FD6427005AA150 /* Build configuration list for PBXProject "PomoTogetherValidator" */;
			compatibilityVersion = "Xcode 9.3";
			developmentRegion = en;
			hasScannedForEncodings = 0;
			knownRegions = (
				en,
				Base,
			);
			mainGroup = 26747E1C20FD6427005AA150;
			productRefGroup = 26747E2620FD6427005AA150 /* Products */;
			projectDirPath = "";
			projectRoot = "";
			targets = (
				26747E2420FD6427005AA150 /* PomoTogetherValidator */,
			);
		};
/* End PBXProject section */

/* Begin PBXResourcesBuildPhase section */
		26747E2320FD6427005AA150 /* Resources */ = {
			isa = PBXResourcesBuildPhase;
			buildActionMask = 2147483647;
			files = (
				26747E3320FD6428005AA150 /* LaunchScreen.storyboard in Resources */,
				26747E3020FD6428005AA150 /* Assets.xcassets in Resources */,
				26747E2E20FD6427005AA150 /* Main.storyboard in Resources */,
			);
			runOnlyForDeploymentPostprocessing = 0;
		};
/* End PBXResourcesBuildPhase section */

/* Begin PBXShellScriptBuildPhase section */
		647BE1AA0737C2840E7FE7DF /* [CP] Check Pods Manifest.lock */ = {
			isa = PBXShellScriptBuildPhase;
			buildActionMask = 2147483647;
			files = (
			);
			inputPaths = (
				"${PODS_PODFILE_DIR_PATH}/Podfile.lock",
				"${PODS_ROOT}/Manifest.lock",
			);
			name = "[CP] Check Pods Manifest.lock";
			outputPaths = (
				"$(DERIVED_FILE_DIR)/Pods-PomoTogetherValidator-checkManifestLockResult.txt",
			);
			runOnlyForDeploymentPostprocessing = 0;
			shellPath = /bin/sh;
			shellScript = "diff \"${PODS_PODFILE_DIR_PATH}/Podfile.lock\" \"${PODS_ROOT}/Manifest.lock\" > /dev/null\nif [ $? != 0 ] ; then\n    # print error to STDERR\n    echo \"error: The sandbox is not in sync with the Podfile.lock. Run 'pod install' or update your CocoaPods installation.\" >&2\n    exit 1\nfi\n# This output is used by Xcode 'outputs' to avoid re-running this script phase.\necho \"SUCCESS\" > \"${SCRIPT_OUTPUT_FILE_0}\"\n";
			showEnvVarsInLog = 0;
		};
		C00ECA0BB330C7FDFA9F9A37 /* [CP] Copy Pods Resources */ = {
			isa = PBXShellScriptBuildPhase;
			buildActionMask = 2147483647;
			files = (
			);
			inputPaths = (
			);
			name = "[CP] Copy Pods Resources";
			outputPaths = (
			);
			runOnlyForDeploymentPostprocessing = 0;
			shellPath = /bin/sh;
			shellScript = "\"${SRCROOT}/Pods/Target Support Files/Pods-PomoTogetherValidator/Pods-PomoTogetherValidator-resources.sh\"\n";
			showEnvVarsInLog = 0;
		};
		F1AF9F2BED3E461037E75D06 /* [CP] Embed Pods Frameworks */ = {
			isa = PBXShellScriptBuildPhase;
			buildActionMask = 2147483647;
			files = (
			);
			inputPaths = (
			);
			name = "[CP] Embed Pods Frameworks";
			outputPaths = (
			);
			runOnlyForDeploymentPostprocessing = 0;
			shellPath = /bin/sh;
			shellScript = "\"${SRCROOT}/Pods/Target Support Files/Pods-PomoTogetherValidator/Pods-PomoTogetherValidator-frameworks.sh\"\n";
			showEnvVarsInLog = 0;
		};
/* End PBXShellScriptBuildPhase section */

/* Begin PBXSourcesBuildPhase section */
		26747E2120FD6427005AA150 /* Sources */ = {
			isa = PBXSourcesBuildPhase;
			buildActionMask = 2147483647;
			files = (
				26747E2B20FD6427005AA150 /* ViewController.swift in Sources */,
				26747E2920FD6427005AA150 /* AppDelegate.swift in Sources */,
			);
			runOnlyForDeploymentPostprocessing = 0;
		};
/* End PBXSourcesBuildPhase section */

/* Begin PBXVariantGroup section */
		26747E2C20FD6427005AA150 /* Main.storyboard */ = {
			isa = PBXVariantGroup;
			children = (
				26747E2D20FD6427005AA150 /* Base */,
			);
			name = Main.storyboard;
			sourceTree = "<group>";
		};
		26747E3120FD6428005AA150 /* LaunchScreen.storyboard */ = {
			isa = PBXVariantGroup;
			children = (
				26747E3220FD6428005AA150 /* Base */,
			);
			name = LaunchScreen.storyboard;
			sourceTree = "<group>";
		};
/* End PBXVariantGroup section */

/* Begin XCBuildConfiguration section */
		26747E3520FD6428005AA150 /* Debug */ = {
			isa = XCBuildConfiguration;
			buildSettings = {
				ALWAYS_SEARCH_USER_PATHS = NO;
				CLANG_ANALYZER_NONNULL = YES;
				CLANG_ANALYZER_NUMBER_OBJECT_CONVERSION = YES_AGGRESSIVE;
				CLANG_CXX_LANGUAGE_STANDARD = "gnu++14";
				CLANG_CXX_LIBRARY = "libc++";
				CLANG_ENABLE_MODULES = YES;
				CLANG_ENABLE_OBJC_ARC = YES;
				CLANG_ENABLE_OBJC_WEAK = YES;
				CLANG_WARN_BLOCK_CAPTURE_AUTORELEASING = YES;
				CLANG_WARN_BOOL_CONVERSION = YES;
				CLANG_WARN_COMMA = YES;
				CLANG_WARN_CONSTANT_CONVERSION = YES;
				CLANG_WARN_DEPRECATED_OBJC_IMPLEMENTATIONS = YES;
				CLANG_WARN_DIRECT_OBJC_ISA_USAGE = YES_ERROR;
				CLANG_WARN_DOCUMENTATION_COMMENTS = YES;
				CLANG_WARN_EMPTY_BODY = YES;
				CLANG_WARN_ENUM_CONVERSION = YES;
				CLANG_WARN_INFINITE_RECURSION = YES;
				CLANG_WARN_INT_CONVERSION = YES;
				CLANG_WARN_NON_LITERAL_NULL_CONVERSION = YES;
				CLANG_WARN_OBJC_IMPLICIT_RETAIN_SELF = YES;
				CLANG_WARN_OBJC_LITERAL_CONVERSION = YES;
				CLANG_WARN_OBJC_ROOT_CLASS = YES_ERROR;
				CLANG_WARN_RANGE_LOOP_ANALYSIS = YES;
				CLANG_WARN_STRICT_PROTOTYPES = YES;
				CLANG_WARN_SUSPICIOUS_MOVE = YES;
				CLANG_WARN_UNGUARDED_AVAILABILITY = YES_AGGRESSIVE;
				CLANG_WARN_UNREACHABLE_CODE = YES;
				CLANG_WARN__DUPLICATE_METHOD_MATCH = YES;
				CODE_SIGN_IDENTITY = "iPhone Developer";
				COPY_PHASE_STRIP = NO;
				DEBUG_INFORMATION_FORMAT = dwarf;
				ENABLE_STRICT_OBJC_MSGSEND = YES;
				ENABLE_TESTABILITY = YES;
				GCC_C_LANGUAGE_STANDARD = gnu11;
				GCC_DYNAMIC_NO_PIC = NO;
				GCC_NO_COMMON_BLOCKS = YES;
				GCC_OPTIMIZATION_LEVEL = 0;
				GCC_PREPROCESSOR_DEFINITIONS = (
					"DEBUG=1",
					"$(inherited)",
				);
				GCC_WARN_64_TO_32_BIT_CONVERSION = YES;
				GCC_WARN_ABOUT_RETURN_TYPE = YES_ERROR;
				GCC_WARN_UNDECLARED_SELECTOR = YES;
				GCC_WARN_UNINITIALIZED_AUTOS = YES_AGGRESSIVE;
				GCC_WARN_UNUSED_FUNCTION = YES;
				GCC_WARN_UNUSED_VARIABLE = YES;
				IPHONEOS_DEPLOYMENT_TARGET = 11.4;
				MTL_ENABLE_DEBUG_INFO = YES;
				ONLY_ACTIVE_ARCH = YES;
				SDKROOT = iphoneos;
				SWIFT_ACTIVE_COMPILATION_CONDITIONS = DEBUG;
				SWIFT_OPTIMIZATION_LEVEL = "-Onone";
				SWIFT_VERSION = 4.0;
			};
			name = Debug;
		};
		26747E3620FD6428005AA150 /* Release */ = {
			isa = XCBuildConfiguration;
			buildSettings = {
				ALWAYS_SEARCH_USER_PATHS = NO;
				CLANG_ANALYZER_NONNULL = YES;
				CLANG_ANALYZER_NUMBER_OBJECT_CONVERSION = YES_AGGRESSIVE;
				CLANG_CXX_LANGUAGE_STANDARD = "gnu++14";
				CLANG_CXX_LIBRARY = "libc++";
				CLANG_ENABLE_MODULES = YES;
				CLANG_ENABLE_OBJC_ARC = YES;
				CLANG_ENABLE_OBJC_WEAK = YES;
				CLANG_WARN_BLOCK_CAPTURE_AUTORELEASING = YES;
				CLANG_WARN_BOOL_CONVERSION = YES;
				CLANG_WARN_COMMA = YES;
				CLANG_WARN_CONSTANT_CONVERSION = YES;
				CLANG_WARN_DEPRECATED_OBJC_IMPLEMENTATIONS = YES;
				CLANG_WARN_DIRECT_OBJC_ISA_USAGE = YES_ERROR;
				CLANG_WARN_DOCUMENTATION_COMMENTS = YES;
				CLANG_WARN_EMPTY_BODY = YES;
				CLANG_WARN_ENUM_CONVERSION = YES;
				CLANG_WARN_INFINITE_RECURSION = YES;
				CLANG_WARN_INT_CONVERSION = YES;
				CLANG_WARN_NON_LITERAL_NULL_CONVERSION = YES;
				CLANG_WARN_OBJC_IMPLICIT_RETAIN_SELF = YES;
				CLANG_WARN_OBJC_LITERAL_CONVERSION = YES;
				CLANG_WARN_OBJC_ROOT_CLASS = YES_ERROR;
				CLANG_WARN_RANGE_LOOP_ANALYSIS = YES;
				CLANG_WARN_STRICT_PROTOTYPES = YES;
				CLANG_WARN_SUSPICIOUS_MOVE = YES;
				CLANG_WARN_UNGUARDED_AVAILABILITY = YES_AGGRESSIVE;
				CLANG_WARN_UNREACHABLE_CODE = YES;
				CLANG_WARN__DUPLICATE_METHOD_MATCH = YES;
				CODE_SIGN_IDENTITY = "iPhone Developer";
				COPY_PHASE_STRIP = NO;
				DEBUG_INFORMATION_FORMAT = "dwarf-with-dsym";
				ENABLE_NS_ASSERTIONS = NO;
				ENABLE_STRICT_OBJC_MSGSEND = YES;
				GCC_C_LANGUAGE_STANDARD = gnu11;
				GCC_NO_COMMON_BLOCKS = YES;
				GCC_WARN_64_TO_32_BIT_CONVERSION = YES;
				GCC_WARN_ABOUT_RETURN_TYPE = YES_ERROR;
				GCC_WARN_UNDECLARED_SELECTOR = YES;
				GCC_WARN_UNINITIALIZED_AUTOS = YES_AGGRESSIVE;
				GCC_WARN_UNUSED_FUNCTION = YES;
				GCC_WARN_UNUSED_VARIABLE = YES;
				IPHONEOS_DEPLOYMENT_TARGET = 11.4;
				MTL_ENABLE_DEBUG_INFO = NO;
				SDKROOT = iphoneos;
				SWIFT_COMPILATION_MODE = wholemodule;
				SWIFT_OPTIMIZATION_LEVEL = "-O";
				SWIFT_VERSION = 4.0;
				VALIDATE_PRODUCT = YES;
			};
			name = Release;
		};
		26747E3820FD6428005AA150 /* Debug */ = {
			isa = XCBuildConfiguration;
			baseConfigurationReference = E73DC23C01BDC0C40DDBD339 /* Pods-PomoTogetherValidator.debug.xcconfig */;
			buildSettings = {
				ASSETCATALOG_COMPILER_APPICON_NAME = AppIcon;
				CODE_SIGN_STYLE = Automatic;
				DEVELOPMENT_TEAM = 8FWWK23S85;
				INFOPLIST_FILE = PomoTogetherValidator/Info.plist;
				LD_RUNPATH_SEARCH_PATHS = (
					"$(inherited)",
					"@executable_path/Frameworks",
				);
				PRODUCT_BUNDLE_IDENTIFIER = phongle.test.PomoTogetherValidator;
				PRODUCT_NAME = "$(TARGET_NAME)";
				SWIFT_VERSION = 4.0;
				TARGETED_DEVICE_FAMILY = "1,2";
			};
			name = Debug;
		};
		26747E3920FD6428005AA150 /* Release */ = {
			isa = XCBuildConfiguration;
			baseConfigurationReference = 62F6CDBA87E4880424EA785A /* Pods-PomoTogetherValidator.release.xcconfig */;
			buildSettings = {
				ASSETCATALOG_COMPILER_APPICON_NAME = AppIcon;
				CODE_SIGN_STYLE = Automatic;
				DEVELOPMENT_TEAM = 8FWWK23S85;
				INFOPLIST_FILE = PomoTogetherValidator/Info.plist;
				LD_RUNPATH_SEARCH_PATHS = (
					"$(inherited)",
					"@executable_path/Frameworks",
				);
				PRODUCT_BUNDLE_IDENTIFIER = phongle.test.PomoTogetherValidator;
				PRODUCT_NAME = "$(TARGET_NAME)";
				SWIFT_VERSION = 4.0;
				TARGETED_DEVICE_FAMILY = "1,2";
			};
			name = Release;
		};
/* End XCBuildConfiguration section */

/* Begin XCConfigurationList section */
		26747E2020FD6427005AA150 /* Build configuration list for PBXProject "PomoTogetherValidator" */ = {
			isa = XCConfigurationList;
			buildConfigurations = (
				26747E3520FD6428005AA150 /* Debug */,
				26747E3620FD6428005AA150 /* Release */,
			);
			defaultConfigurationIsVisible = 0;
			defaultConfigurationName = Release;
		};
		26747E3720FD6428005AA150 /* Build configuration list for PBXNativeTarget "PomoTogetherValidator" */ = {
			isa = XCConfigurationList;
			buildConfigurations = (
				26747E3820FD6428005AA150 /* Debug */,
				26747E3920FD6428005AA150 /* Release */,
			);
			defaultConfigurationIsVisible = 0;
			defaultConfigurationName = Release;
		};
/* End XCConfigurationList section */
	};
	rootObject = 26747E1D20FD6427005AA150 /* Project object */;
}
